Microsoft Visual Studio Solution File, Format Version 12.00
# Visual Studio 15
VisualStudioVersion = 15.0.26430.12
MinimumVisualStudioVersion = 15.0.26124.0
Project("{2150E333-8FDC-42A3-9474-1A3956D46DE8}") = "src", "src", "{DDD4132E-E50D-4B24-8B87-C6702C10EC6E}"
EndProject
Project("{FAE04EC0-301F-11D3-BF4B-00C04F79EFBC}") = "TopoMojo.Hypervisor", "src\TopoMojo.Hypervisor\TopoMojo.Hypervisor.csproj", "{E0EAD642-0C46-488A-A17C-2ED612C92641}"
EndProject
Project("{FAE04EC0-301F-11D3-BF4B-00C04F79EFBC}") = "TopoMojo.Api", "src\TopoMojo.Api\TopoMojo.Api.csproj", "{0F958584-D445-4CD0-B34F-7B4A08927379}"
EndProject
Global
	GlobalSection(SolutionConfigurationPlatforms) = preSolution
		Debug|Any CPU = Debug|Any CPU
		Debug|x64 = Debug|x64
		Debug|x86 = Debug|x86
		Release|Any CPU = Release|Any CPU
		Release|x64 = Release|x64
		Release|x86 = Release|x86
	EndGlobalSection
	GlobalSection(ProjectConfigurationPlatforms) = postSolution
		{E0EAD642-0C46-488A-A17C-2ED612C92641}.Debug|Any CPU.ActiveCfg = Debug|Any CPU
		{E0EAD642-0C46-488A-A17C-2ED612C92641}.Debug|Any CPU.Build.0 = Debug|Any CPU
		{E0EAD642-0C46-488A-A17C-2ED612C92641}.Debug|x64.ActiveCfg = Debug|Any CPU
		{E0EAD642-0C46-488A-A17C-2ED612C92641}.Debug|x64.Build.0 = Debug|Any CPU
		{E0EAD642-0C46-488A-A17C-2ED612C92641}.Debug|x86.ActiveCfg = Debug|Any CPU
		{E0EAD642-0C46-488A-A17C-2ED612C92641}.Debug|x86.Build.0 = Debug|Any CPU
		{E0EAD642-0C46-488A-A17C-2ED612C92641}.Release|Any CPU.ActiveCfg = Release|Any CPU
		{E0EAD642-0C46-488A-A17C-2ED612C92641}.Release|Any CPU.Build.0 = Release|Any CPU
		{E0EAD642-0C46-488A-A17C-2ED612C92641}.Release|x64.ActiveCfg = Release|Any CPU
		{E0EAD642-0C46-488A-A17C-2ED612C92641}.Release|x64.Build.0 = Release|Any CPU
		{E0EAD642-0C46-488A-A17C-2ED612C92641}.Release|x86.ActiveCfg = Release|Any CPU
		{E0EAD642-0C46-488A-A17C-2ED612C92641}.Release|x86.Build.0 = Release|Any CPU
		{0F958584-D445-4CD0-B34F-7B4A08927379}.Debug|Any CPU.ActiveCfg = Debug|Any CPU
		{0F958584-D445-4CD0-B34F-7B4A08927379}.Debug|Any CPU.Build.0 = Debug|Any CPU
		{0F958584-D445-4CD0-B34F-7B4A08927379}.Debug|x64.ActiveCfg = Debug|Any CPU
		{0F958584-D445-4CD0-B34F-7B4A08927379}.Debug|x64.Build.0 = Debug|Any CPU
		{0F958584-D445-4CD0-B34F-7B4A08927379}.Debug|x86.ActiveCfg = Debug|Any CPU
		{0F958584-D445-4CD0-B34F-7B4A08927379}.Debug|x86.Build.0 = Debug|Any CPU
		{0F958584-D445-4CD0-B34F-7B4A08927379}.Release|Any CPU.ActiveCfg = Release|Any CPU
		{0F958584-D445-4CD0-B34F-7B4A08927379}.Release|Any CPU.Build.0 = Release|Any CPU
		{0F958584-D445-4CD0-B34F-7B4A08927379}.Release|x64.ActiveCfg = Release|Any CPU
		{0F958584-D445-4CD0-B34F-7B4A08927379}.Release|x64.Build.0 = Release|Any CPU
		{0F958584-D445-4CD0-B34F-7B4A08927379}.Release|x86.ActiveCfg = Release|Any CPU
		{0F958584-D445-4CD0-B34F-7B4A08927379}.Release|x86.Build.0 = Release|Any CPU
	EndGlobalSection
	GlobalSection(SolutionProperties) = preSolution
		HideSolutionNode = FALSE
	EndGlobalSection
	GlobalSection(NestedProjects) = preSolution
		{E0EAD642-0C46-488A-A17C-2ED612C92641} = {DDD4132E-E50D-4B24-8B87-C6702C10EC6E}
		{0F958584-D445-4CD0-B34F-7B4A08927379} = {DDD4132E-E50D-4B24-8B87-C6702C10EC6E}
	EndGlobalSection
EndGlobal
